{
  "version": 1,
  "dependencies": {
    ".NETStandard,Version=v2.1": {
      "CommunityToolkit.HighPerformance": {
        "type": "Transitive",
        "resolved": "8.4.0",
        "contentHash": "flxspiBs0G/0GMp7IK2J2ijV9bTG6hEwFc/z6ekHqB6nwRJ4Ry2yLdx+TkbCUYFCl4XhABkAwomeKbT6zM2Zlg==",
        "dependencies": {
          "System.Runtime.CompilerServices.Unsafe": "6.1.0"
        }
      },
      "System.Runtime.CompilerServices.Unsafe": {
        "type": "Transitive",
        "resolved": "6.1.0",
        "contentHash": "5o/HZxx6RVqYlhKSq8/zronDkALJZUT2Vz0hx43f0gwe8mwlM0y2nYlqdBwLMzr262Bwvpikeb/yEwkAa5PADg=="
      },
      "duey.abstractions": {
        "type": "Project",
        "dependencies": {
          "CommunityToolkit.HighPerformance": "[8.4.0, )"
        }
      }
    }
  }
}