{
  "version": 1,
  "dependencies": {
    ".NETStandard,Version=v2.1": {
      "K4os.Compression.LZ4": {
        "type": "Direct",
        "requested": "[1.3.6, )",
        "resolved": "1.3.6",
        "contentHash": "RxGhoJBjZCgGeZgDqOP4Krs1cR9PHInbz6d2N19Dic0Y6ZACzVKbR3uSpqfEZf4RiUbHk9aiog2eS22nQPTc2A==",
        "dependencies": {
          "System.Runtime.CompilerServices.Unsafe": "6.0.0"
        }
      },
      "System.Runtime.CompilerServices.Unsafe": {
        "type": "Transitive",
        "resolved": "6.0.0",
        "contentHash": "/iUeP3tq1S0XdNNoMz5C9twLSrM/TH+qElHkXWaPvuNOt+99G75NrV0OS2EqHx5wMN7popYjpc8oTjC1y16DLg=="
      },
      "duey.abstractions": {
        "type": "Project"
      }
    }
  }
}